
Microsoft Visual Studio Solution File, Format Version 12.00
# Visual Studio Version 16
VisualStudioVersion = 16.0.29411.108
MinimumVisualStudioVersion = 10.0.40219.1
Project("{8BC9CEB8-8B4A-11D0-8D11-00A0C91BC942}") = "CMEProcessor", "CMEProcessor\CMEProcessor.vcxproj", "{0E0FD55C-B12B-49CA-849F-2ED05352A6C8}"
EndProject
Project("{888888A0-9F3D-457C-B088-3A5042F75D52}") = "ShapeAnalyst", "ShapeAnalyst\ShapeAnalyst.pyproj", "{F5A6BE53-483A-4CEC-9F28-B997C261495B}"
EndProject
Global
	GlobalSection(SolutionConfigurationPlatforms) = preSolution
		Debug|Any CPU = Debug|Any CPU
		Debug|x64 = Debug|x64
		Debug|x86 = Debug|x86
		Release|Any CPU = Release|Any CPU
		Release|x64 = Release|x64
		Release|x86 = Release|x86
	EndGlobalSection
	GlobalSection(ProjectConfigurationPlatforms) = postSolution
		{0E0FD55C-B12B-49CA-849F-2ED05352A6C8}.Debug|Any CPU.ActiveCfg = Debug|Win32
		{0E0FD55C-B12B-49CA-849F-2ED05352A6C8}.Debug|x64.ActiveCfg = Debug|x64
		{0E0FD55C-B12B-49CA-849F-2ED05352A6C8}.Debug|x64.Build.0 = Debug|x64
		{0E0FD55C-B12B-49CA-849F-2ED05352A6C8}.Debug|x86.ActiveCfg = Debug|Win32
		{0E0FD55C-B12B-49CA-849F-2ED05352A6C8}.Debug|x86.Build.0 = Debug|Win32
		{0E0FD55C-B12B-49CA-849F-2ED05352A6C8}.Release|Any CPU.ActiveCfg = Release|Win32
		{0E0FD55C-B12B-49CA-849F-2ED05352A6C8}.Release|x64.ActiveCfg = Release|x64
		{0E0FD55C-B12B-49CA-849F-2ED05352A6C8}.Release|x64.Build.0 = Release|x64
		{0E0FD55C-B12B-49CA-849F-2ED05352A6C8}.Release|x86.ActiveCfg = Release|Win32
		{0E0FD55C-B12B-49CA-849F-2ED05352A6C8}.Release|x86.Build.0 = Release|Win32
		{F5A6BE53-483A-4CEC-9F28-B997C261495B}.Debug|Any CPU.ActiveCfg = Debug|Any CPU
		{F5A6BE53-483A-4CEC-9F28-B997C261495B}.Debug|x64.ActiveCfg = Debug|Any CPU
		{F5A6BE53-483A-4CEC-9F28-B997C261495B}.Debug|x86.ActiveCfg = Debug|Any CPU
		{F5A6BE53-483A-4CEC-9F28-B997C261495B}.Release|Any CPU.ActiveCfg = Release|Any CPU
		{F5A6BE53-483A-4CEC-9F28-B997C261495B}.Release|x64.ActiveCfg = Release|Any CPU
		{F5A6BE53-483A-4CEC-9F28-B997C261495B}.Release|x86.ActiveCfg = Release|Any CPU
	EndGlobalSection
	GlobalSection(SolutionProperties) = preSolution
		HideSolutionNode = FALSE
	EndGlobalSection
	GlobalSection(ExtensibilityGlobals) = postSolution
		SolutionGuid = {4E105196-EE41-4608-9A0F-17DA2D25C942}
	EndGlobalSection
EndGlobal
